// !$*UTF8*$!
{
	archiveVersion = 1;
	classes = {
	};
	objectVersion = 55;
	objects = {

/* Begin PBXBuildFile section */
		A10E2C722829156E00CA0BB1 /* AppDelegate.swift in Sources */ = {isa = PBXBuildFile; fileRef = A10E2C712829156E00CA0BB1 /* AppDelegate.swift */; };
		A10E2C742829156E00CA0BB1 /* SceneDelegate.swift in Sources */ = {isa = PBXBuildFile; fileRef = A10E2C732829156E00CA0BB1 /* SceneDelegate.swift */; };
		A10E2C762829156E00CA0BB1 /* MainViewController.swift in Sources */ = {isa = PBXBuildFile; fileRef = A10E2C752829156E00CA0BB1 /* MainViewController.swift */; };
		A10E2C7B2829157200CA0BB1 /* Assets.xcassets in Resources */ = {isa = PBXBuildFile; fileRef = A10E2C7A2829157200CA0BB1 /* Assets.xcassets */; };
		A10E2C7E2829157200CA0BB1 /* LaunchScreen.storyboard in Resources */ = {isa = PBXBuildFile; fileRef = A10E2C7C2829157200CA0BB1 /* LaunchScreen.storyboard */; };
		A10E2C8C28293BA400CA0BB1 /* MainPresenter.swift in Sources */ = {isa = PBXBuildFile; fileRef = A10E2C8B28293BA400CA0BB1 /* MainPresenter.swift */; };
		A10E2C8E28293C0D00CA0BB1 /* MainInputDelegate.swift in Sources */ = {isa = PBXBuildFile; fileRef = A10E2C8D28293C0D00CA0BB1 /* MainInputDelegate.swift */; };
		A10E2C9028293F7000CA0BB1 /* MainOutputDelegate.swift in Sources */ = {isa = PBXBuildFile; fileRef = A10E2C8F28293F7000CA0BB1 /* MainOutputDelegate.swift */; };
		A10E2C922829455B00CA0BB1 /* FilterGroup.swift in Sources */ = {isa = PBXBuildFile; fileRef = A10E2C912829455B00CA0BB1 /* FilterGroup.swift */; };
		A10E2C9428294C9A00CA0BB1 /* User.swift in Sources */ = {isa = PBXBuildFile; fileRef = A10E2C9328294C9A00CA0BB1 /* User.swift */; };
		A10E2C9B2829800A00CA0BB1 /* LogoView.swift in Sources */ = {isa = PBXBuildFile; fileRef = A10E2C9A2829800A00CA0BB1 /* LogoView.swift */; };
		A10E2CA12831738200CA0BB1 /* ImageViewController.swift in Sources */ = {isa = PBXBuildFile; fileRef = A10E2CA02831738200CA0BB1 /* ImageViewController.swift */; };
		A10E2CA32831739900CA0BB1 /* ImageInputDelegate.swift in Sources */ = {isa = PBXBuildFile; fileRef = A10E2CA22831739900CA0BB1 /* ImageInputDelegate.swift */; };
		A10E2CA5283173A800CA0BB1 /* ImageOutputDelegate.swift in Sources */ = {isa = PBXBuildFile; fileRef = A10E2CA4283173A800CA0BB1 /* ImageOutputDelegate.swift */; };
		A10E2CA7283173CF00CA0BB1 /* ImagePresenter.swift in Sources */ = {isa = PBXBuildFile; fileRef = A10E2CA6283173CF00CA0BB1 /* ImagePresenter.swift */; };
		A10E2CA9283173DE00CA0BB1 /* Image.swift in Sources */ = {isa = PBXBuildFile; fileRef = A10E2CA8283173DE00CA0BB1 /* Image.swift */; };
		A10E2CAB28394A5700CA0BB1 /* TimerView.swift in Sources */ = {isa = PBXBuildFile; fileRef = A10E2CAA28394A5700CA0BB1 /* TimerView.swift */; };
		A10E2CAD28395CDF00CA0BB1 /* ImageView.swift in Sources */ = {isa = PBXBuildFile; fileRef = A10E2CAC28395CDF00CA0BB1 /* ImageView.swift */; };
		A10E2CAF2839726400CA0BB1 /* DropdownView.swift in Sources */ = {isa = PBXBuildFile; fileRef = A10E2CAE2839726400CA0BB1 /* DropdownView.swift */; };
		A10E2CB1283A473000CA0BB1 /* Filter.swift in Sources */ = {isa = PBXBuildFile; fileRef = A10E2CB0283A473000CA0BB1 /* Filter.swift */; };
		A10E2CB4283A789300CA0BB1 /* ApiService.swift in Sources */ = {isa = PBXBuildFile; fileRef = A10E2CB3283A789300CA0BB1 /* ApiService.swift */; };
		A10E2CB7283D5F4200CA0BB1 /* UIColor+Extension.swift in Sources */ = {isa = PBXBuildFile; fileRef = A10E2CB6283D5F4200CA0BB1 /* UIColor+Extension.swift */; };
		A10E2CB9283D64C600CA0BB1 /* UIButton+Extension.swift in Sources */ = {isa = PBXBuildFile; fileRef = A10E2CB8283D64C600CA0BB1 /* UIButton+Extension.swift */; };
		A163C83728427D9D00A2C0F6 /* DropdownTableViewCell.swift in Sources */ = {isa = PBXBuildFile; fileRef = A163C83628427D9D00A2C0F6 /* DropdownTableViewCell.swift */; };
/* End PBXBuildFile section */

/* Begin PBXFileReference section */
		A10E2C6E2829156E00CA0BB1 /* ImageReferences.app */ = {isa = PBXFileReference; explicitFileType = wrapper.application; includeInIndex = 0; path = ImageReferences.app; sourceTree = BUILT_PRODUCTS_DIR; };
		A10E2C712829156E00CA0BB1 /* AppDelegate.swift */ = {isa = PBXFileReference; lastKnownFileType = sourcecode.swift; path = AppDelegate.swift; sourceTree = "<group>"; };
		A10E2C732829156E00CA0BB1 /* SceneDelegate.swift */ = {isa = PBXFileReference; lastKnownFileType = sourcecode.swift; path = SceneDelegate.swift; sourceTree = "<group>"; };
		A10E2C752829156E00CA0BB1 /* MainViewController.swift */ = {isa = PBXFileReference; lastKnownFileType = sourcecode.swift; path = MainViewController.swift; sourceTree = "<group>"; };
		A10E2C7A2829157200CA0BB1 /* Assets.xcassets */ = {isa = PBXFileReference; lastKnownFileType = folder.assetcatalog; path = Assets.xcassets; sourceTree = "<group>"; };
		A10E2C7D2829157200CA0BB1 /* Base */ = {isa = PBXFileReference; lastKnownFileType = file.storyboard; name = Base; path = Base.lproj/LaunchScreen.storyboard; sourceTree = "<group>"; };
		A10E2C7F2829157200CA0BB1 /* Info.plist */ = {isa = PBXFileReference; lastKnownFileType = text.plist.xml; path = Info.plist; sourceTree = "<group>"; };
		A10E2C8B28293BA400CA0BB1 /* MainPresenter.swift */ = {isa = PBXFileReference; lastKnownFileType = sourcecode.swift; path = MainPresenter.swift; sourceTree = "<group>"; };
		A10E2C8D28293C0D00CA0BB1 /* MainInputDelegate.swift */ = {isa = PBXFileReference; lastKnownFileType = sourcecode.swift; path = MainInputDelegate.swift; sourceTree = "<group>"; };
		A10E2C8F28293F7000CA0BB1 /* MainOutputDelegate.swift */ = {isa = PBXFileReference; lastKnownFileType = sourcecode.swift; path = MainOutputDelegate.swift; sourceTree = "<group>"; };
		A10E2C912829455B00CA0BB1 /* FilterGroup.swift */ = {isa = PBXFileReference; lastKnownFileType = sourcecode.swift; path = FilterGroup.swift; sourceTree = "<group>"; };
		A10E2C9328294C9A00CA0BB1 /* User.swift */ = {isa = PBXFileReference; lastKnownFileType = sourcecode.swift; path = User.swift; sourceTree = "<group>"; };
		A10E2C9A2829800A00CA0BB1 /* LogoView.swift */ = {isa = PBXFileReference; lastKnownFileType = sourcecode.swift; path = LogoView.swift; sourceTree = "<group>"; };
		A10E2CA02831738200CA0BB1 /* ImageViewController.swift */ = {isa = PBXFileReference; lastKnownFileType = sourcecode.swift; path = ImageViewController.swift; sourceTree = "<group>"; };
		A10E2CA22831739900CA0BB1 /* ImageInputDelegate.swift */ = {isa = PBXFileReference; lastKnownFileType = sourcecode.swift; path = ImageInputDelegate.swift; sourceTree = "<group>"; };
		A10E2CA4283173A800CA0BB1 /* ImageOutputDelegate.swift */ = {isa = PBXFileReference; lastKnownFileType = sourcecode.swift; path = ImageOutputDelegate.swift; sourceTree = "<group>"; };
		A10E2CA6283173CF00CA0BB1 /* ImagePresenter.swift */ = {isa = PBXFileReference; lastKnownFileType = sourcecode.swift; path = ImagePresenter.swift; sourceTree = "<group>"; };
		A10E2CA8283173DE00CA0BB1 /* Image.swift */ = {isa = PBXFileReference; lastKnownFileType = sourcecode.swift; path = Image.swift; sourceTree = "<group>"; };
		A10E2CAA28394A5700CA0BB1 /* TimerView.swift */ = {isa = PBXFileReference; lastKnownFileType = sourcecode.swift; path = TimerView.swift; sourceTree = "<group>"; };
		A10E2CAC28395CDF00CA0BB1 /* ImageView.swift */ = {isa = PBXFileReference; lastKnownFileType = sourcecode.swift; path = ImageView.swift; sourceTree = "<group>"; };
		A10E2CAE2839726400CA0BB1 /* DropdownView.swift */ = {isa = PBXFileReference; lastKnownFileType = sourcecode.swift; path = DropdownView.swift; sourceTree = "<group>"; };
		A10E2CB0283A473000CA0BB1 /* Filter.swift */ = {isa = PBXFileReference; lastKnownFileType = sourcecode.swift; path = Filter.swift; sourceTree = "<group>"; };
		A10E2CB3283A789300CA0BB1 /* ApiService.swift */ = {isa = PBXFileReference; lastKnownFileType = sourcecode.swift; path = ApiService.swift; sourceTree = "<group>"; };
		A10E2CB6283D5F4200CA0BB1 /* UIColor+Extension.swift */ = {isa = PBXFileReference; lastKnownFileType = sourcecode.swift; path = "UIColor+Extension.swift"; sourceTree = "<group>"; };
		A10E2CB8283D64C600CA0BB1 /* UIButton+Extension.swift */ = {isa = PBXFileReference; lastKnownFileType = sourcecode.swift; path = "UIButton+Extension.swift"; sourceTree = "<group>"; };
		A163C83628427D9D00A2C0F6 /* DropdownTableViewCell.swift */ = {isa = PBXFileReference; lastKnownFileType = sourcecode.swift; path = DropdownTableViewCell.swift; sourceTree = "<group>"; };
/* End PBXFileReference section */

/* Begin PBXFrameworksBuildPhase section */
		A10E2C6B2829156E00CA0BB1 /* Frameworks */ = {
			isa = PBXFrameworksBuildPhase;
			buildActionMask = 2147483647;
			files = (
			);
			runOnlyForDeploymentPostprocessing = 0;
		};
/* End PBXFrameworksBuildPhase section */

/* Begin PBXGroup section */
		A10E2C652829156E00CA0BB1 = {
			isa = PBXGroup;
			children = (
				A10E2C702829156E00CA0BB1 /* ImageReferences */,
				A10E2C6F2829156E00CA0BB1 /* Products */,
			);
			sourceTree = "<group>";
		};
		A10E2C6F2829156E00CA0BB1 /* Products */ = {
			isa = PBXGroup;
			children = (
				A10E2C6E2829156E00CA0BB1 /* ImageReferences.app */,
			);
			name = Products;
			sourceTree = "<group>";
		};
		A10E2C702829156E00CA0BB1 /* ImageReferences */ = {
			isa = PBXGroup;
			children = (
				A10E2CB5283D5F0000CA0BB1 /* Extensions */,
				A10E2CB2283A787900CA0BB1 /* Services */,
				A10E2C88282922C300CA0BB1 /* App */,
				A10E2C87282922B300CA0BB1 /* Views */,
				A10E2C86282922A300CA0BB1 /* Presenters */,
				A10E2C852829229600CA0BB1 /* Models */,
				A10E2C7A2829157200CA0BB1 /* Assets.xcassets */,
				A10E2C7F2829157200CA0BB1 /* Info.plist */,
			);
			path = ImageReferences;
			sourceTree = "<group>";
		};
		A10E2C852829229600CA0BB1 /* Models */ = {
			isa = PBXGroup;
			children = (
				A10E2C912829455B00CA0BB1 /* FilterGroup.swift */,
				A10E2C9328294C9A00CA0BB1 /* User.swift */,
				A10E2CA8283173DE00CA0BB1 /* Image.swift */,
				A10E2CB0283A473000CA0BB1 /* Filter.swift */,
			);
			path = Models;
			sourceTree = "<group>";
		};
		A10E2C86282922A300CA0BB1 /* Presenters */ = {
			isa = PBXGroup;
			children = (
				A10E2C8B28293BA400CA0BB1 /* MainPresenter.swift */,
				A10E2CA6283173CF00CA0BB1 /* ImagePresenter.swift */,
			);
			path = Presenters;
			sourceTree = "<group>";
		};
		A10E2C87282922B300CA0BB1 /* Views */ = {
			isa = PBXGroup;
			children = (
				A10E2C9F2831735800CA0BB1 /* ImageScreen */,
				A10E2C9E2831708200CA0BB1 /* MainScreen */,
				A10E2C9528296FD400CA0BB1 /* Shared */,
				A10E2C7C2829157200CA0BB1 /* LaunchScreen.storyboard */,
			);
			path = Views;
			sourceTree = "<group>";
		};
		A10E2C88282922C300CA0BB1 /* App */ = {
			isa = PBXGroup;
			children = (
				A10E2C712829156E00CA0BB1 /* AppDelegate.swift */,
				A10E2C732829156E00CA0BB1 /* SceneDelegate.swift */,
			);
			path = App;
			sourceTree = "<group>";
		};
		A10E2C9528296FD400CA0BB1 /* Shared */ = {
			isa = PBXGroup;
			children = (
				A10E2C9A2829800A00CA0BB1 /* LogoView.swift */,
				A10E2CAA28394A5700CA0BB1 /* TimerView.swift */,
				A10E2CAC28395CDF00CA0BB1 /* ImageView.swift */,
				A10E2CAE2839726400CA0BB1 /* DropdownView.swift */,
				A163C83628427D9D00A2C0F6 /* DropdownTableViewCell.swift */,
			);
			path = Shared;
			sourceTree = "<group>";
		};
		A10E2C9E2831708200CA0BB1 /* MainScreen */ = {
			isa = PBXGroup;
			children = (
				A10E2C752829156E00CA0BB1 /* MainViewController.swift */,
				A10E2C8D28293C0D00CA0BB1 /* MainInputDelegate.swift */,
				A10E2C8F28293F7000CA0BB1 /* MainOutputDelegate.swift */,
			);
			path = MainScreen;
			sourceTree = "<group>";
		};
		A10E2C9F2831735800CA0BB1 /* ImageScreen */ = {
			isa = PBXGroup;
			children = (
				A10E2CA02831738200CA0BB1 /* ImageViewController.swift */,
				A10E2CA22831739900CA0BB1 /* ImageInputDelegate.swift */,
				A10E2CA4283173A800CA0BB1 /* ImageOutputDelegate.swift */,
			);
			path = ImageScreen;
			sourceTree = "<group>";
		};
		A10E2CB2283A787900CA0BB1 /* Services */ = {
			isa = PBXGroup;
			children = (
				A10E2CB3283A789300CA0BB1 /* ApiService.swift */,
			);
			path = Services;
			sourceTree = "<group>";
		};
		A10E2CB5283D5F0000CA0BB1 /* Extensions */ = {
			isa = PBXGroup;
			children = (
				A10E2CB6283D5F4200CA0BB1 /* UIColor+Extension.swift */,
				A10E2CB8283D64C600CA0BB1 /* UIButton+Extension.swift */,
			);
			path = Extensions;
			sourceTree = "<group>";
		};
/* End PBXGroup section */

/* Begin PBXNativeTarget section */
		A10E2C6D2829156E00CA0BB1 /* ImageReferences */ = {
			isa = PBXNativeTarget;
			buildConfigurationList = A10E2C822829157200CA0BB1 /* Build configuration list for PBXNativeTarget "ImageReferences" */;
			buildPhases = (
				A10E2C6A2829156E00CA0BB1 /* Sources */,
				A10E2C6B2829156E00CA0BB1 /* Frameworks */,
				A10E2C6C2829156E00CA0BB1 /* Resources */,
			);
			buildRules = (
			);
			dependencies = (
			);
			name = ImageReferences;
			productName = ImageReferences;
			productReference = A10E2C6E2829156E00CA0BB1 /* ImageReferences.app */;
			productType = "com.apple.product-type.application";
		};
/* End PBXNativeTarget section */

/* Begin PBXProject section */
		A10E2C662829156E00CA0BB1 /* Project object */ = {
			isa = PBXProject;
			attributes = {
				BuildIndependentTargetsInParallel = 1;
				LastSwiftUpdateCheck = 1300;
				LastUpgradeCheck = 1300;
				TargetAttributes = {
					A10E2C6D2829156E00CA0BB1 = {
						CreatedOnToolsVersion = 13.0;
					};
				};
			};
			buildConfigurationList = A10E2C692829156E00CA0BB1 /* Build configuration list for PBXProject "ImageReferences" */;
			compatibilityVersion = "Xcode 13.0";
			developmentRegion = en;
			hasScannedForEncodings = 0;
			knownRegions = (
				en,
				Base,
			);
			mainGroup = A10E2C652829156E00CA0BB1;
			productRefGroup = A10E2C6F2829156E00CA0BB1 /* Products */;
			projectDirPath = "";
			projectRoot = "";
			targets = (
				A10E2C6D2829156E00CA0BB1 /* ImageReferences */,
			);
		};
/* End PBXProject section */

/* Begin PBXResourcesBuildPhase section */
		A10E2C6C2829156E00CA0BB1 /* Resources */ = {
			isa = PBXResourcesBuildPhase;
			buildActionMask = 2147483647;
			files = (
				A10E2C7E2829157200CA0BB1 /* LaunchScreen.storyboard in Resources */,
				A10E2C7B2829157200CA0BB1 /* Assets.xcassets in Resources */,
			);
			runOnlyForDeploymentPostprocessing = 0;
		};
/* End PBXResourcesBuildPhase section */

/* Begin PBXSourcesBuildPhase section */
		A10E2C6A2829156E00CA0BB1 /* Sources */ = {
			isa = PBXSourcesBuildPhase;
			buildActionMask = 2147483647;
			files = (
				A10E2C8C28293BA400CA0BB1 /* MainPresenter.swift in Sources */,
				A10E2CAF2839726400CA0BB1 /* DropdownView.swift in Sources */,
				A10E2C9028293F7000CA0BB1 /* MainOutputDelegate.swift in Sources */,
				A10E2C9B2829800A00CA0BB1 /* LogoView.swift in Sources */,
				A10E2C762829156E00CA0BB1 /* MainViewController.swift in Sources */,
				A10E2C8E28293C0D00CA0BB1 /* MainInputDelegate.swift in Sources */,
				A10E2CAD28395CDF00CA0BB1 /* ImageView.swift in Sources */,
				A10E2CB1283A473000CA0BB1 /* Filter.swift in Sources */,
				A10E2CAB28394A5700CA0BB1 /* TimerView.swift in Sources */,
				A10E2CA7283173CF00CA0BB1 /* ImagePresenter.swift in Sources */,
				A10E2CA32831739900CA0BB1 /* ImageInputDelegate.swift in Sources */,
				A10E2CA9283173DE00CA0BB1 /* Image.swift in Sources */,
				A10E2C9428294C9A00CA0BB1 /* User.swift in Sources */,
				A10E2CA5283173A800CA0BB1 /* ImageOutputDelegate.swift in Sources */,
				A10E2CB4283A789300CA0BB1 /* ApiService.swift in Sources */,
				A10E2C722829156E00CA0BB1 /* AppDelegate.swift in Sources */,
				A10E2C742829156E00CA0BB1 /* SceneDelegate.swift in Sources */,
				A10E2CA12831738200CA0BB1 /* ImageViewController.swift in Sources */,
				A10E2C922829455B00CA0BB1 /* FilterGroup.swift in Sources */,
				A10E2CB7283D5F4200CA0BB1 /* UIColor+Extension.swift in Sources */,
				A163C83728427D9D00A2C0F6 /* DropdownTableViewCell.swift in Sources */,
				A10E2CB9283D64C600CA0BB1 /* UIButton+Extension.swift in Sources */,
			);
			runOnlyForDeploymentPostprocessing = 0;
		};
/* End PBXSourcesBuildPhase section */

/* Begin PBXVariantGroup section */
		A10E2C7C2829157200CA0BB1 /* LaunchScreen.storyboard */ = {
			isa = PBXVariantGroup;
			children = (
				A10E2C7D2829157200CA0BB1 /* Base */,
			);
			name = LaunchScreen.storyboard;
			sourceTree = "<group>";
		};
/* End PBXVariantGroup section */

/* Begin XCBuildConfiguration section */
		A10E2C802829157200CA0BB1 /* Debug */ = {
			isa = XCBuildConfiguration;
			buildSettings = {
				ALWAYS_SEARCH_USER_PATHS = NO;
				CLANG_ANALYZER_NONNULL = YES;
				CLANG_ANALYZER_NUMBER_OBJECT_CONVERSION = YES_AGGRESSIVE;
				CLANG_CXX_LANGUAGE_STANDARD = "gnu++17";
				CLANG_CXX_LIBRARY = "libc++";
				CLANG_ENABLE_MODULES = YES;
				CLANG_ENABLE_OBJC_ARC = YES;
				CLANG_ENABLE_OBJC_WEAK = YES;
				CLANG_WARN_BLOCK_CAPTURE_AUTORELEASING = YES;
				CLANG_WARN_BOOL_CONVERSION = YES;
				CLANG_WARN_COMMA = YES;
				CLANG_WARN_CONSTANT_CONVERSION = YES;
				CLANG_WARN_DEPRECATED_OBJC_IMPLEMENTATIONS = YES;
				CLANG_WARN_DIRECT_OBJC_ISA_USAGE = YES_ERROR;
				CLANG_WARN_DOCUMENTATION_COMMENTS = YES;
				CLANG_WARN_EMPTY_BODY = YES;
				CLANG_WARN_ENUM_CONVERSION = YES;
				CLANG_WARN_INFINITE_RECURSION = YES;
				CLANG_WARN_INT_CONVERSION = YES;
				CLANG_WARN_NON_LITERAL_NULL_CONVERSION = YES;
				CLANG_WARN_OBJC_IMPLICIT_RETAIN_SELF = YES;
				CLANG_WARN_OBJC_LITERAL_CONVERSION = YES;
				CLANG_WARN_OBJC_ROOT_CLASS = YES_ERROR;
				CLANG_WARN_QUOTED_INCLUDE_IN_FRAMEWORK_HEADER = YES;
				CLANG_WARN_RANGE_LOOP_ANALYSIS = YES;
				CLANG_WARN_STRICT_PROTOTYPES = YES;
				CLANG_WARN_SUSPICIOUS_MOVE = YES;
				CLANG_WARN_UNGUARDED_AVAILABILITY = YES_AGGRESSIVE;
				CLANG_WARN_UNREACHABLE_CODE = YES;
				CLANG_WARN__DUPLICATE_METHOD_MATCH = YES;
				COPY_PHASE_STRIP = NO;
				DEBUG_INFORMATION_FORMAT = dwarf;
				ENABLE_STRICT_OBJC_MSGSEND = YES;
				ENABLE_TESTABILITY = YES;
				GCC_C_LANGUAGE_STANDARD = gnu11;
				GCC_DYNAMIC_NO_PIC = NO;
				GCC_NO_COMMON_BLOCKS = YES;
				GCC_OPTIMIZATION_LEVEL = 0;
				GCC_PREPROCESSOR_DEFINITIONS = (
					"DEBUG=1",
					"$(inherited)",
				);
				GCC_WARN_64_TO_32_BIT_CONVERSION = YES;
				GCC_WARN_ABOUT_RETURN_TYPE = YES_ERROR;
				GCC_WARN_UNDECLARED_SELECTOR = YES;
				GCC_WARN_UNINITIALIZED_AUTOS = YES_AGGRESSIVE;
				GCC_WARN_UNUSED_FUNCTION = YES;
				GCC_WARN_UNUSED_VARIABLE = YES;
				IPHONEOS_DEPLOYMENT_TARGET = 15.0;
				MTL_ENABLE_DEBUG_INFO = INCLUDE_SOURCE;
				MTL_FAST_MATH = YES;
				ONLY_ACTIVE_ARCH = YES;
				SDKROOT = iphoneos;
				SWIFT_ACTIVE_COMPILATION_CONDITIONS = DEBUG;
				SWIFT_OPTIMIZATION_LEVEL = "-Onone";
			};
			name = Debug;
		};
		A10E2C812829157200CA0BB1 /* Release */ = {
			isa = XCBuildConfiguration;
			buildSettings = {
				ALWAYS_SEARCH_USER_PATHS = NO;
				CLANG_ANALYZER_NONNULL = YES;
				CLANG_ANALYZER_NUMBER_OBJECT_CONVERSION = YES_AGGRESSIVE;
				CLANG_CXX_LANGUAGE_STANDARD = "gnu++17";
				CLANG_CXX_LIBRARY = "libc++";
				CLANG_ENABLE_MODULES = YES;
				CLANG_ENABLE_OBJC_ARC = YES;
				CLANG_ENABLE_OBJC_WEAK = YES;
				CLANG_WARN_BLOCK_CAPTURE_AUTORELEASING = YES;
				CLANG_WARN_BOOL_CONVERSION = YES;
				CLANG_WARN_COMMA = YES;
				CLANG_WARN_CONSTANT_CONVERSION = YES;
				CLANG_WARN_DEPRECATED_OBJC_IMPLEMENTATIONS = YES;
				CLANG_WARN_DIRECT_OBJC_ISA_USAGE = YES_ERROR;
				CLANG_WARN_DOCUMENTATION_COMMENTS = YES;
				CLANG_WARN_EMPTY_BODY = YES;
				CLANG_WARN_ENUM_CONVERSION = YES;
				CLANG_WARN_INFINITE_RECURSION = YES;
				CLANG_WARN_INT_CONVERSION = YES;
				CLANG_WARN_NON_LITERAL_NULL_CONVERSION = YES;
				CLANG_WARN_OBJC_IMPLICIT_RETAIN_SELF = YES;
				CLANG_WARN_OBJC_LITERAL_CONVERSION = YES;
				CLANG_WARN_OBJC_ROOT_CLASS = YES_ERROR;
				CLANG_WARN_QUOTED_INCLUDE_IN_FRAMEWORK_HEADER = YES;
				CLANG_WARN_RANGE_LOOP_ANALYSIS = YES;
				CLANG_WARN_STRICT_PROTOTYPES = YES;
				CLANG_WARN_SUSPICIOUS_MOVE = YES;
				CLANG_WARN_UNGUARDED_AVAILABILITY = YES_AGGRESSIVE;
				CLANG_WARN_UNREACHABLE_CODE = YES;
				CLANG_WARN__DUPLICATE_METHOD_MATCH = YES;
				COPY_PHASE_STRIP = NO;
				DEBUG_INFORMATION_FORMAT = "dwarf-with-dsym";
				ENABLE_NS_ASSERTIONS = NO;
				ENABLE_STRICT_OBJC_MSGSEND = YES;
				GCC_C_LANGUAGE_STANDARD = gnu11;
				GCC_NO_COMMON_BLOCKS = YES;
				GCC_WARN_64_TO_32_BIT_CONVERSION = YES;
				GCC_WARN_ABOUT_RETURN_TYPE = YES_ERROR;
				GCC_WARN_UNDECLARED_SELECTOR = YES;
				GCC_WARN_UNINITIALIZED_AUTOS = YES_AGGRESSIVE;
				GCC_WARN_UNUSED_FUNCTION = YES;
				GCC_WARN_UNUSED_VARIABLE = YES;
				IPHONEOS_DEPLOYMENT_TARGET = 15.0;
				MTL_ENABLE_DEBUG_INFO = NO;
				MTL_FAST_MATH = YES;
				SDKROOT = iphoneos;
				SWIFT_COMPILATION_MODE = wholemodule;
				SWIFT_OPTIMIZATION_LEVEL = "-O";
				VALIDATE_PRODUCT = YES;
			};
			name = Release;
		};
		A10E2C832829157200CA0BB1 /* Debug */ = {
			isa = XCBuildConfiguration;
			buildSettings = {
				ASSETCATALOG_COMPILER_APPICON_NAME = AppIcon;
				ASSETCATALOG_COMPILER_GLOBAL_ACCENT_COLOR_NAME = AccentColor;
				CODE_SIGN_STYLE = Automatic;
				CURRENT_PROJECT_VERSION = 1;
				DEVELOPMENT_TEAM = XHN97245U5;
				GENERATE_INFOPLIST_FILE = YES;
				INFOPLIST_FILE = ImageReferences/Info.plist;
				INFOPLIST_KEY_UIApplicationSupportsIndirectInputEvents = YES;
				INFOPLIST_KEY_UILaunchStoryboardName = LaunchScreen;
				INFOPLIST_KEY_UISupportedInterfaceOrientations_iPad = "UIInterfaceOrientationPortrait UIInterfaceOrientationPortraitUpsideDown UIInterfaceOrientationLandscapeLeft UIInterfaceOrientationLandscapeRight";
				INFOPLIST_KEY_UISupportedInterfaceOrientations_iPhone = "UIInterfaceOrientationPortrait UIInterfaceOrientationLandscapeLeft UIInterfaceOrientationLandscapeRight";
				LD_RUNPATH_SEARCH_PATHS = (
					"$(inherited)",
					"@executable_path/Frameworks",
				);
				MARKETING_VERSION = 1.0;
				PRODUCT_BUNDLE_IDENTIFIER = com.konstantinkuznetsov.ImageReferences;
				PRODUCT_NAME = "$(TARGET_NAME)";
				SWIFT_EMIT_LOC_STRINGS = YES;
				SWIFT_VERSION = 5.0;
				TARGETED_DEVICE_FAMILY = "1,2";
			};
			name = Debug;
		};
		A10E2C842829157200CA0BB1 /* Release */ = {
			isa = XCBuildConfiguration;
			buildSettings = {
				ASSETCATALOG_COMPILER_APPICON_NAME = AppIcon;
				ASSETCATALOG_COMPILER_GLOBAL_ACCENT_COLOR_NAME = AccentColor;
				CODE_SIGN_STYLE = Automatic;
				CURRENT_PROJECT_VERSION = 1;
				DEVELOPMENT_TEAM = XHN97245U5;
				GENERATE_INFOPLIST_FILE = YES;
				INFOPLIST_FILE = ImageReferences/Info.plist;
				INFOPLIST_KEY_UIApplicationSupportsIndirectInputEvents = YES;
				INFOPLIST_KEY_UILaunchStoryboardName = LaunchScreen;
				INFOPLIST_KEY_UISupportedInterfaceOrientations_iPad = "UIInterfaceOrientationPortrait UIInterfaceOrientationPortraitUpsideDown UIInterfaceOrientationLandscapeLeft UIInterfaceOrientationLandscapeRight";
				INFOPLIST_KEY_UISupportedInterfaceOrientations_iPhone = "UIInterfaceOrientationPortrait UIInterfaceOrientationLandscapeLeft UIInterfaceOrientationLandscapeRight";
				LD_RUNPATH_SEARCH_PATHS = (
					"$(inherited)",
					"@executable_path/Frameworks",
				);
				MARKETING_VERSION = 1.0;
				PRODUCT_BUNDLE_IDENTIFIER = com.konstantinkuznetsov.ImageReferences;
				PRODUCT_NAME = "$(TARGET_NAME)";
				SWIFT_EMIT_LOC_STRINGS = YES;
				SWIFT_VERSION = 5.0;
				TARGETED_DEVICE_FAMILY = "1,2";
			};
			name = Release;
		};
/* End XCBuildConfiguration section */

/* Begin XCConfigurationList section */
		A10E2C692829156E00CA0BB1 /* Build configuration list for PBXProject "ImageReferences" */ = {
			isa = XCConfigurationList;
			buildConfigurations = (
				A10E2C802829157200CA0BB1 /* Debug */,
				A10E2C812829157200CA0BB1 /* Release */,
			);
			defaultConfigurationIsVisible = 0;
			defaultConfigurationName = Release;
		};
		A10E2C822829157200CA0BB1 /* Build configuration list for PBXNativeTarget "ImageReferences" */ = {
			isa = XCConfigurationList;
			buildConfigurations = (
				A10E2C832829157200CA0BB1 /* Debug */,
				A10E2C842829157200CA0BB1 /* Release */,
			);
			defaultConfigurationIsVisible = 0;
			defaultConfigurationName = Release;
		};
/* End XCConfigurationList section */
	};
	rootObject = A10E2C662829156E00CA0BB1 /* Project object */;
}
